
Microsoft Visual Studio Solution File, Format Version 12.00
# Visual Studio Version 16
VisualStudioVersion = 16.0.30611.23
MinimumVisualStudioVersion = 10.0.40219.1
Project("{9A19103F-16F7-4668-BE54-9A1E7A4F7556}") = "ExamSolution", "ExamSolution\ExamSolution.csproj", "{B86AC7FC-D7E9-4C55-9B99-36E6DEAF75F2}"
EndProject
Project("{9A19103F-16F7-4668-BE54-9A1E7A4F7556}") = "ExamSolutionAPI", "ExamSolutionAPI\ExamSolutionAPI.csproj", "{3E93BDEF-D31E-4847-A02B-8D28397A26F7}"
EndProject
Project("{9A19103F-16F7-4668-BE54-9A1E7A4F7556}") = "ExamSolutionTesting", "ExamSolutionTesting\ExamSolutionTesting.csproj", "{AE75E14D-838F-4300-9737-E60DA75BB2B7}"
EndProject
Project("{2150E333-8FDC-42A3-9474-1A3956D46DE8}") = "Solution Items", "Solution Items", "{2FF586DC-4C97-42ED-B8D2-D5CF936FE648}"
	ProjectSection(SolutionItems) = preProject
		TextFile1.txt = TextFile1.txt
	EndProjectSection
EndProject
Global
	GlobalSection(SolutionConfigurationPlatforms) = preSolution
		Debug|Any CPU = Debug|Any CPU
		Release|Any CPU = Release|Any CPU
	EndGlobalSection
	GlobalSection(ProjectConfigurationPlatforms) = postSolution
		{B86AC7FC-D7E9-4C55-9B99-36E6DEAF75F2}.Debug|Any CPU.ActiveCfg = Debug|Any CPU
		{B86AC7FC-D7E9-4C55-9B99-36E6DEAF75F2}.Debug|Any CPU.Build.0 = Debug|Any CPU
		{B86AC7FC-D7E9-4C55-9B99-36E6DEAF75F2}.Release|Any CPU.ActiveCfg = Release|Any CPU
		{B86AC7FC-D7E9-4C55-9B99-36E6DEAF75F2}.Release|Any CPU.Build.0 = Release|Any CPU
		{3E93BDEF-D31E-4847-A02B-8D28397A26F7}.Debug|Any CPU.ActiveCfg = Debug|Any CPU
		{3E93BDEF-D31E-4847-A02B-8D28397A26F7}.Debug|Any CPU.Build.0 = Debug|Any CPU
		{3E93BDEF-D31E-4847-A02B-8D28397A26F7}.Release|Any CPU.ActiveCfg = Release|Any CPU
		{3E93BDEF-D31E-4847-A02B-8D28397A26F7}.Release|Any CPU.Build.0 = Release|Any CPU
		{AE75E14D-838F-4300-9737-E60DA75BB2B7}.Debug|Any CPU.ActiveCfg = Debug|Any CPU
		{AE75E14D-838F-4300-9737-E60DA75BB2B7}.Debug|Any CPU.Build.0 = Debug|Any CPU
		{AE75E14D-838F-4300-9737-E60DA75BB2B7}.Release|Any CPU.ActiveCfg = Release|Any CPU
		{AE75E14D-838F-4300-9737-E60DA75BB2B7}.Release|Any CPU.Build.0 = Release|Any CPU
	EndGlobalSection
	GlobalSection(SolutionProperties) = preSolution
		HideSolutionNode = FALSE
	EndGlobalSection
	GlobalSection(ExtensibilityGlobals) = postSolution
		SolutionGuid = {09992B6E-A7FB-4578-8353-1CBDD0466C46}
	EndGlobalSection
EndGlobal
